// !$*UTF8*$!
{
	archiveVersion = 1;
	classes = {
	};
	objectVersion = 56;
	objects = {

/* Begin PBXBuildFile section */
		AA782BDD2A16EC7400ACFCC5 /* String+Ext.swift in Sources */ = {isa = PBXBuildFile; fileRef = AA782BDC2A16EC7400ACFCC5 /* String+Ext.swift */; };
		AA782BE02A16FAD500ACFCC5 /* SDWebImage in Frameworks */ = {isa = PBXBuildFile; productRef = AA782BDF2A16FAD500ACFCC5 /* SDWebImage */; };
		AA79400A2A3BCBF10027C90B /* VideoCell.swift in Sources */ = {isa = PBXBuildFile; fileRef = AA7940092A3BCBF10027C90B /* VideoCell.swift */; };
		AA7B7F932A4274B60024A755 /* LoadingCell.swift in Sources */ = {isa = PBXBuildFile; fileRef = AA7B7F912A4274B60024A755 /* LoadingCell.swift */; };
		AA7B7F942A4274B60024A755 /* LoadingCell.xib in Resources */ = {isa = PBXBuildFile; fileRef = AA7B7F922A4274B60024A755 /* LoadingCell.xib */; };
		AA7C077D2A45059800286486 /* Lottie in Frameworks */ = {isa = PBXBuildFile; productRef = AA7C077C2A45059800286486 /* Lottie */; };
		AA7C077F2A45062900286486 /* waves.json in Resources */ = {isa = PBXBuildFile; fileRef = AA7C077E2A45062800286486 /* waves.json */; };
		AA7C6B322A4102AC003F4707 /* VideoTableSectionHeader.swift in Sources */ = {isa = PBXBuildFile; fileRef = AA7C6B312A4102AC003F4707 /* VideoTableSectionHeader.swift */; };
		AA7C6B342A41034A003F4707 /* LatestVideos.swift in Sources */ = {isa = PBXBuildFile; fileRef = AA7C6B332A41034A003F4707 /* LatestVideos.swift */; };
		AA7C93702A340EDF00237628 /* VideoCollectionCell.swift in Sources */ = {isa = PBXBuildFile; fileRef = AA7C936F2A340EDF00237628 /* VideoCollectionCell.swift */; };
		AA7C9D5F2A314663004FF1EF /* PlaylistVC.swift in Sources */ = {isa = PBXBuildFile; fileRef = AA7C9D5E2A314663004FF1EF /* PlaylistVC.swift */; };
		AA7C9D612A31623A004FF1EF /* Playlists.swift in Sources */ = {isa = PBXBuildFile; fileRef = AA7C9D602A31623A004FF1EF /* Playlists.swift */; };
		AA7C9D632A316256004FF1EF /* Playlist.swift in Sources */ = {isa = PBXBuildFile; fileRef = AA7C9D622A316256004FF1EF /* Playlist.swift */; };
		AA7C9D652A316268004FF1EF /* Video.swift in Sources */ = {isa = PBXBuildFile; fileRef = AA7C9D642A316268004FF1EF /* Video.swift */; };
		AA8668372A384279002E0781 /* Videos.swift in Sources */ = {isa = PBXBuildFile; fileRef = AA8668362A384279002E0781 /* Videos.swift */; };
		AA9D82352A1EBF9500DF1E5C /* YouTubeiOSPlayerHelper in Frameworks */ = {isa = PBXBuildFile; productRef = AA9D82342A1EBF9500DF1E5C /* YouTubeiOSPlayerHelper */; };
		AA9D82372A1ED4D700DF1E5C /* VideoVC.swift in Sources */ = {isa = PBXBuildFile; fileRef = AA9D82362A1ED4D700DF1E5C /* VideoVC.swift */; };
		AAD616BD2A1C4494008EC100 /* BlogPostVC.swift in Sources */ = {isa = PBXBuildFile; fileRef = AAD616BC2A1C4494008EC100 /* BlogPostVC.swift */; };
		AAFEDC942A15805300BE8E70 /* AppDelegate.swift in Sources */ = {isa = PBXBuildFile; fileRef = AAFEDC932A15805300BE8E70 /* AppDelegate.swift */; };
		AAFEDC962A15805300BE8E70 /* SceneDelegate.swift in Sources */ = {isa = PBXBuildFile; fileRef = AAFEDC952A15805300BE8E70 /* SceneDelegate.swift */; };
		AAFEDC9E2A15805300BE8E70 /* QueenBeeRV.xcdatamodeld in Sources */ = {isa = PBXBuildFile; fileRef = AAFEDC9C2A15805300BE8E70 /* QueenBeeRV.xcdatamodeld */; };
		AAFEDCA02A15805500BE8E70 /* Assets.xcassets in Resources */ = {isa = PBXBuildFile; fileRef = AAFEDC9F2A15805500BE8E70 /* Assets.xcassets */; };
		AAFEDCA32A15805500BE8E70 /* LaunchScreen.storyboard in Resources */ = {isa = PBXBuildFile; fileRef = AAFEDCA12A15805500BE8E70 /* LaunchScreen.storyboard */; };
		AAFEDCAE2A15805500BE8E70 /* QueenBeeRVTests.swift in Sources */ = {isa = PBXBuildFile; fileRef = AAFEDCAD2A15805500BE8E70 /* QueenBeeRVTests.swift */; };
		AAFEDCB82A15805500BE8E70 /* QueenBeeRVUITests.swift in Sources */ = {isa = PBXBuildFile; fileRef = AAFEDCB72A15805500BE8E70 /* QueenBeeRVUITests.swift */; };
		AAFEDCBA2A15805500BE8E70 /* QueenBeeRVUITestsLaunchTests.swift in Sources */ = {isa = PBXBuildFile; fileRef = AAFEDCB92A15805500BE8E70 /* QueenBeeRVUITestsLaunchTests.swift */; };
		AAFEDCCB2A15950B00BE8E70 /* UIView+Ext.swift in Sources */ = {isa = PBXBuildFile; fileRef = AAFEDCCA2A15950B00BE8E70 /* UIView+Ext.swift */; };
		AAFEDCCE2A15A5B800BE8E70 /* BlogListVC.swift in Sources */ = {isa = PBXBuildFile; fileRef = AAFEDCCD2A15A5B800BE8E70 /* BlogListVC.swift */; };
		AAFEDCD02A15A8BA00BE8E70 /* PostCell.swift in Sources */ = {isa = PBXBuildFile; fileRef = AAFEDCCF2A15A8BA00BE8E70 /* PostCell.swift */; };
		AAFEDCD32A15B3FC00BE8E70 /* Blogs.swift in Sources */ = {isa = PBXBuildFile; fileRef = AAFEDCD22A15B3FC00BE8E70 /* Blogs.swift */; };
		AAFEDCD52A15B41300BE8E70 /* Post.swift in Sources */ = {isa = PBXBuildFile; fileRef = AAFEDCD42A15B41300BE8E70 /* Post.swift */; };
/* End PBXBuildFile section */

/* Begin PBXContainerItemProxy section */
		AAFEDCAA2A15805500BE8E70 /* PBXContainerItemProxy */ = {
			isa = PBXContainerItemProxy;
			containerPortal = AAFEDC882A15805300BE8E70 /* Project object */;
			proxyType = 1;
			remoteGlobalIDString = AAFEDC8F2A15805300BE8E70;
			remoteInfo = QueenBeeRV;
		};
		AAFEDCB42A15805500BE8E70 /* PBXContainerItemProxy */ = {
			isa = PBXContainerItemProxy;
			containerPortal = AAFEDC882A15805300BE8E70 /* Project object */;
			proxyType = 1;
			remoteGlobalIDString = AAFEDC8F2A15805300BE8E70;
			remoteInfo = QueenBeeRV;
		};
/* End PBXContainerItemProxy section */

/* Begin PBXFileReference section */
		AA782BDC2A16EC7400ACFCC5 /* String+Ext.swift */ = {isa = PBXFileReference; lastKnownFileType = sourcecode.swift; path = "String+Ext.swift"; sourceTree = "<group>"; };
		AA7940092A3BCBF10027C90B /* VideoCell.swift */ = {isa = PBXFileReference; lastKnownFileType = sourcecode.swift; path = VideoCell.swift; sourceTree = "<group>"; };
		AA7B7F912A4274B60024A755 /* LoadingCell.swift */ = {isa = PBXFileReference; lastKnownFileType = sourcecode.swift; path = LoadingCell.swift; sourceTree = "<group>"; };
		AA7B7F922A4274B60024A755 /* LoadingCell.xib */ = {isa = PBXFileReference; lastKnownFileType = file.xib; path = LoadingCell.xib; sourceTree = "<group>"; };
		AA7C077E2A45062800286486 /* waves.json */ = {isa = PBXFileReference; fileEncoding = 4; lastKnownFileType = text.json; path = waves.json; sourceTree = "<group>"; };
		AA7C6B312A4102AC003F4707 /* VideoTableSectionHeader.swift */ = {isa = PBXFileReference; lastKnownFileType = sourcecode.swift; path = VideoTableSectionHeader.swift; sourceTree = "<group>"; };
		AA7C6B332A41034A003F4707 /* LatestVideos.swift */ = {isa = PBXFileReference; lastKnownFileType = sourcecode.swift; path = LatestVideos.swift; sourceTree = "<group>"; };
		AA7C765E2A28494E007C3E46 /* Config.xcconfig */ = {isa = PBXFileReference; lastKnownFileType = text.xcconfig; path = Config.xcconfig; sourceTree = "<group>"; };
		AA7C936F2A340EDF00237628 /* VideoCollectionCell.swift */ = {isa = PBXFileReference; lastKnownFileType = sourcecode.swift; path = VideoCollectionCell.swift; sourceTree = "<group>"; };
		AA7C9D5E2A314663004FF1EF /* PlaylistVC.swift */ = {isa = PBXFileReference; lastKnownFileType = sourcecode.swift; path = PlaylistVC.swift; sourceTree = "<group>"; };
		AA7C9D602A31623A004FF1EF /* Playlists.swift */ = {isa = PBXFileReference; lastKnownFileType = sourcecode.swift; path = Playlists.swift; sourceTree = "<group>"; };
		AA7C9D622A316256004FF1EF /* Playlist.swift */ = {isa = PBXFileReference; lastKnownFileType = sourcecode.swift; path = Playlist.swift; sourceTree = "<group>"; };
		AA7C9D642A316268004FF1EF /* Video.swift */ = {isa = PBXFileReference; lastKnownFileType = sourcecode.swift; path = Video.swift; sourceTree = "<group>"; };
		AA8668362A384279002E0781 /* Videos.swift */ = {isa = PBXFileReference; lastKnownFileType = sourcecode.swift; path = Videos.swift; sourceTree = "<group>"; };
		AA9D82362A1ED4D700DF1E5C /* VideoVC.swift */ = {isa = PBXFileReference; lastKnownFileType = sourcecode.swift; path = VideoVC.swift; sourceTree = "<group>"; };
		AAD616BC2A1C4494008EC100 /* BlogPostVC.swift */ = {isa = PBXFileReference; lastKnownFileType = sourcecode.swift; path = BlogPostVC.swift; sourceTree = "<group>"; };
		AAFEDC902A15805300BE8E70 /* QueenBeeRV.app */ = {isa = PBXFileReference; explicitFileType = wrapper.application; includeInIndex = 0; path = QueenBeeRV.app; sourceTree = BUILT_PRODUCTS_DIR; };
		AAFEDC932A15805300BE8E70 /* AppDelegate.swift */ = {isa = PBXFileReference; lastKnownFileType = sourcecode.swift; path = AppDelegate.swift; sourceTree = "<group>"; };
		AAFEDC952A15805300BE8E70 /* SceneDelegate.swift */ = {isa = PBXFileReference; lastKnownFileType = sourcecode.swift; path = SceneDelegate.swift; sourceTree = "<group>"; };
		AAFEDC9D2A15805300BE8E70 /* QueenBeeRV.xcdatamodel */ = {isa = PBXFileReference; lastKnownFileType = wrapper.xcdatamodel; path = QueenBeeRV.xcdatamodel; sourceTree = "<group>"; };
		AAFEDC9F2A15805500BE8E70 /* Assets.xcassets */ = {isa = PBXFileReference; lastKnownFileType = folder.assetcatalog; path = Assets.xcassets; sourceTree = "<group>"; };
		AAFEDCA22A15805500BE8E70 /* Base */ = {isa = PBXFileReference; lastKnownFileType = file.storyboard; name = Base; path = Base.lproj/LaunchScreen.storyboard; sourceTree = "<group>"; };
		AAFEDCA42A15805500BE8E70 /* Info.plist */ = {isa = PBXFileReference; lastKnownFileType = text.plist.xml; path = Info.plist; sourceTree = "<group>"; };
		AAFEDCA92A15805500BE8E70 /* QueenBeeRVTests.xctest */ = {isa = PBXFileReference; explicitFileType = wrapper.cfbundle; includeInIndex = 0; path = QueenBeeRVTests.xctest; sourceTree = BUILT_PRODUCTS_DIR; };
		AAFEDCAD2A15805500BE8E70 /* QueenBeeRVTests.swift */ = {isa = PBXFileReference; lastKnownFileType = sourcecode.swift; path = QueenBeeRVTests.swift; sourceTree = "<group>"; };
		AAFEDCB32A15805500BE8E70 /* QueenBeeRVUITests.xctest */ = {isa = PBXFileReference; explicitFileType = wrapper.cfbundle; includeInIndex = 0; path = QueenBeeRVUITests.xctest; sourceTree = BUILT_PRODUCTS_DIR; };
		AAFEDCB72A15805500BE8E70 /* QueenBeeRVUITests.swift */ = {isa = PBXFileReference; lastKnownFileType = sourcecode.swift; path = QueenBeeRVUITests.swift; sourceTree = "<group>"; };
		AAFEDCB92A15805500BE8E70 /* QueenBeeRVUITestsLaunchTests.swift */ = {isa = PBXFileReference; lastKnownFileType = sourcecode.swift; path = QueenBeeRVUITestsLaunchTests.swift; sourceTree = "<group>"; };
		AAFEDCCA2A15950B00BE8E70 /* UIView+Ext.swift */ = {isa = PBXFileReference; lastKnownFileType = sourcecode.swift; path = "UIView+Ext.swift"; sourceTree = "<group>"; };
		AAFEDCCD2A15A5B800BE8E70 /* BlogListVC.swift */ = {isa = PBXFileReference; lastKnownFileType = sourcecode.swift; name = BlogListVC.swift; path = QueenBeeRV/BlogListVC.swift; sourceTree = SOURCE_ROOT; };
		AAFEDCCF2A15A8BA00BE8E70 /* PostCell.swift */ = {isa = PBXFileReference; lastKnownFileType = sourcecode.swift; path = PostCell.swift; sourceTree = "<group>"; };
		AAFEDCD22A15B3FC00BE8E70 /* Blogs.swift */ = {isa = PBXFileReference; lastKnownFileType = sourcecode.swift; path = Blogs.swift; sourceTree = "<group>"; };
		AAFEDCD42A15B41300BE8E70 /* Post.swift */ = {isa = PBXFileReference; lastKnownFileType = sourcecode.swift; path = Post.swift; sourceTree = "<group>"; };
/* End PBXFileReference section */

/* Begin PBXFrameworksBuildPhase section */
		AAFEDC8D2A15805300BE8E70 /* Frameworks */ = {
			isa = PBXFrameworksBuildPhase;
			buildActionMask = 2147483647;
			files = (
				AA782BE02A16FAD500ACFCC5 /* SDWebImage in Frameworks */,
				AA9D82352A1EBF9500DF1E5C /* YouTubeiOSPlayerHelper in Frameworks */,
				AA7C077D2A45059800286486 /* Lottie in Frameworks */,
			);
			runOnlyForDeploymentPostprocessing = 0;
		};
		AAFEDCA62A15805500BE8E70 /* Frameworks */ = {
			isa = PBXFrameworksBuildPhase;
			buildActionMask = 2147483647;
			files = (
			);
			runOnlyForDeploymentPostprocessing = 0;
		};
		AAFEDCB02A15805500BE8E70 /* Frameworks */ = {
			isa = PBXFrameworksBuildPhase;
			buildActionMask = 2147483647;
			files = (
			);
			runOnlyForDeploymentPostprocessing = 0;
		};
/* End PBXFrameworksBuildPhase section */

/* Begin PBXGroup section */
		AAFEDC872A15805300BE8E70 = {
			isa = PBXGroup;
			children = (
				AAFEDC922A15805300BE8E70 /* QueenBeeRV */,
				AAFEDCAC2A15805500BE8E70 /* QueenBeeRVTests */,
				AAFEDCB62A15805500BE8E70 /* QueenBeeRVUITests */,
				AAFEDC912A15805300BE8E70 /* Products */,
			);
			sourceTree = "<group>";
		};
		AAFEDC912A15805300BE8E70 /* Products */ = {
			isa = PBXGroup;
			children = (
				AAFEDC902A15805300BE8E70 /* QueenBeeRV.app */,
				AAFEDCA92A15805500BE8E70 /* QueenBeeRVTests.xctest */,
				AAFEDCB32A15805500BE8E70 /* QueenBeeRVUITests.xctest */,
			);
			name = Products;
			sourceTree = "<group>";
		};
		AAFEDC922A15805300BE8E70 /* QueenBeeRV */ = {
			isa = PBXGroup;
			children = (
				AAFEDCA12A15805500BE8E70 /* LaunchScreen.storyboard */,
				AAFEDCCC2A15961F00BE8E70 /* Supporting */,
				AAFEDCD12A15B3B000BE8E70 /* Model */,
				AAFEDCC92A1594CF00BE8E70 /* Extensions+Utilities */,
				AAFEDCCD2A15A5B800BE8E70 /* BlogListVC.swift */,
				AAD616BC2A1C4494008EC100 /* BlogPostVC.swift */,
				AAFEDCCF2A15A8BA00BE8E70 /* PostCell.swift */,
				AA7940092A3BCBF10027C90B /* VideoCell.swift */,
				AA7B7F912A4274B60024A755 /* LoadingCell.swift */,
				AA7B7F922A4274B60024A755 /* LoadingCell.xib */,
				AA7C936F2A340EDF00237628 /* VideoCollectionCell.swift */,
				AA7C6B312A4102AC003F4707 /* VideoTableSectionHeader.swift */,
				AA9D82362A1ED4D700DF1E5C /* VideoVC.swift */,
				AA7C9D5E2A314663004FF1EF /* PlaylistVC.swift */,
				AA7C077E2A45062800286486 /* waves.json */,
				AAFEDCA42A15805500BE8E70 /* Info.plist */,
				AA7C765E2A28494E007C3E46 /* Config.xcconfig */,
				AAFEDC9C2A15805300BE8E70 /* QueenBeeRV.xcdatamodeld */,
			);
			path = QueenBeeRV;
			sourceTree = "<group>";
		};
		AAFEDCAC2A15805500BE8E70 /* QueenBeeRVTests */ = {
			isa = PBXGroup;
			children = (
				AAFEDCAD2A15805500BE8E70 /* QueenBeeRVTests.swift */,
			);
			path = QueenBeeRVTests;
			sourceTree = "<group>";
		};
		AAFEDCB62A15805500BE8E70 /* QueenBeeRVUITests */ = {
			isa = PBXGroup;
			children = (
				AAFEDCB72A15805500BE8E70 /* QueenBeeRVUITests.swift */,
				AAFEDCB92A15805500BE8E70 /* QueenBeeRVUITestsLaunchTests.swift */,
			);
			path = QueenBeeRVUITests;
			sourceTree = "<group>";
		};
		AAFEDCC92A1594CF00BE8E70 /* Extensions+Utilities */ = {
			isa = PBXGroup;
			children = (
				AAFEDCCA2A15950B00BE8E70 /* UIView+Ext.swift */,
				AA782BDC2A16EC7400ACFCC5 /* String+Ext.swift */,
			);
			path = "Extensions+Utilities";
			sourceTree = "<group>";
		};
		AAFEDCCC2A15961F00BE8E70 /* Supporting */ = {
			isa = PBXGroup;
			children = (
				AAFEDC932A15805300BE8E70 /* AppDelegate.swift */,
				AAFEDC952A15805300BE8E70 /* SceneDelegate.swift */,
				AAFEDC9F2A15805500BE8E70 /* Assets.xcassets */,
			);
			path = Supporting;
			sourceTree = "<group>";
		};
		AAFEDCD12A15B3B000BE8E70 /* Model */ = {
			isa = PBXGroup;
			children = (
				AA7C9D602A31623A004FF1EF /* Playlists.swift */,
				AA7C9D622A316256004FF1EF /* Playlist.swift */,
				AA8668362A384279002E0781 /* Videos.swift */,
				AA7C9D642A316268004FF1EF /* Video.swift */,
				AAFEDCD22A15B3FC00BE8E70 /* Blogs.swift */,
				AAFEDCD42A15B41300BE8E70 /* Post.swift */,
				AA7C6B332A41034A003F4707 /* LatestVideos.swift */,
			);
			path = Model;
			sourceTree = "<group>";
		};
/* End PBXGroup section */

/* Begin PBXNativeTarget section */
		AAFEDC8F2A15805300BE8E70 /* QueenBeeRV */ = {
			isa = PBXNativeTarget;
			buildConfigurationList = AAFEDCBD2A15805500BE8E70 /* Build configuration list for PBXNativeTarget "QueenBeeRV" */;
			buildPhases = (
				AAFEDC8C2A15805300BE8E70 /* Sources */,
				AAFEDC8D2A15805300BE8E70 /* Frameworks */,
				AAFEDC8E2A15805300BE8E70 /* Resources */,
			);
			buildRules = (
			);
			dependencies = (
			);
			name = QueenBeeRV;
			packageProductDependencies = (
				AA782BDF2A16FAD500ACFCC5 /* SDWebImage */,
				AA9D82342A1EBF9500DF1E5C /* YouTubeiOSPlayerHelper */,
				AA7C077C2A45059800286486 /* Lottie */,
			);
			productName = QueenBeeRV;
			productReference = AAFEDC902A15805300BE8E70 /* QueenBeeRV.app */;
			productType = "com.apple.product-type.application";
		};
		AAFEDCA82A15805500BE8E70 /* QueenBeeRVTests */ = {
			isa = PBXNativeTarget;
			buildConfigurationList = AAFEDCC02A15805500BE8E70 /* Build configuration list for PBXNativeTarget "QueenBeeRVTests" */;
			buildPhases = (
				AAFEDCA52A15805500BE8E70 /* Sources */,
				AAFEDCA62A15805500BE8E70 /* Frameworks */,
				AAFEDCA72A15805500BE8E70 /* Resources */,
			);
			buildRules = (
			);
			dependencies = (
				AAFEDCAB2A15805500BE8E70 /* PBXTargetDependency */,
			);
			name = QueenBeeRVTests;
			productName = QueenBeeRVTests;
			productReference = AAFEDCA92A15805500BE8E70 /* QueenBeeRVTests.xctest */;
			productType = "com.apple.product-type.bundle.unit-test";
		};
		AAFEDCB22A15805500BE8E70 /* QueenBeeRVUITests */ = {
			isa = PBXNativeTarget;
			buildConfigurationList = AAFEDCC32A15805500BE8E70 /* Build configuration list for PBXNativeTarget "QueenBeeRVUITests" */;
			buildPhases = (
				AAFEDCAF2A15805500BE8E70 /* Sources */,
				AAFEDCB02A15805500BE8E70 /* Frameworks */,
				AAFEDCB12A15805500BE8E70 /* Resources */,
			);
			buildRules = (
			);
			dependencies = (
				AAFEDCB52A15805500BE8E70 /* PBXTargetDependency */,
			);
			name = QueenBeeRVUITests;
			productName = QueenBeeRVUITests;
			productReference = AAFEDCB32A15805500BE8E70 /* QueenBeeRVUITests.xctest */;
			productType = "com.apple.product-type.bundle.ui-testing";
		};
/* End PBXNativeTarget section */

/* Begin PBXProject section */
		AAFEDC882A15805300BE8E70 /* Project object */ = {
			isa = PBXProject;
			attributes = {
				BuildIndependentTargetsInParallel = 1;
				LastSwiftUpdateCheck = 1430;
				LastUpgradeCheck = 1430;
				TargetAttributes = {
					AAFEDC8F2A15805300BE8E70 = {
						CreatedOnToolsVersion = 14.3;
					};
					AAFEDCA82A15805500BE8E70 = {
						CreatedOnToolsVersion = 14.3;
						TestTargetID = AAFEDC8F2A15805300BE8E70;
					};
					AAFEDCB22A15805500BE8E70 = {
						CreatedOnToolsVersion = 14.3;
						TestTargetID = AAFEDC8F2A15805300BE8E70;
					};
				};
			};
			buildConfigurationList = AAFEDC8B2A15805300BE8E70 /* Build configuration list for PBXProject "QueenBeeRV" */;
			compatibilityVersion = "Xcode 14.0";
			developmentRegion = en;
			hasScannedForEncodings = 0;
			knownRegions = (
				en,
				Base,
			);
			mainGroup = AAFEDC872A15805300BE8E70;
			packageReferences = (
				AA782BDE2A16FAD500ACFCC5 /* XCRemoteSwiftPackageReference "SDWebImage" */,
				AA9D82332A1EBF9500DF1E5C /* XCRemoteSwiftPackageReference "youtube-ios-player-helper" */,
				AA7C077B2A45059800286486 /* XCRemoteSwiftPackageReference "lottie-ios" */,
			);
			productRefGroup = AAFEDC912A15805300BE8E70 /* Products */;
			projectDirPath = "";
			projectRoot = "";
			targets = (
				AAFEDC8F2A15805300BE8E70 /* QueenBeeRV */,
				AAFEDCA82A15805500BE8E70 /* QueenBeeRVTests */,
				AAFEDCB22A15805500BE8E70 /* QueenBeeRVUITests */,
			);
		};
/* End PBXProject section */

/* Begin PBXResourcesBuildPhase section */
		AAFEDC8E2A15805300BE8E70 /* Resources */ = {
			isa = PBXResourcesBuildPhase;
			buildActionMask = 2147483647;
			files = (
				AA7C077F2A45062900286486 /* waves.json in Resources */,
				AAFEDCA32A15805500BE8E70 /* LaunchScreen.storyboard in Resources */,
				AAFEDCA02A15805500BE8E70 /* Assets.xcassets in Resources */,
				AA7B7F942A4274B60024A755 /* LoadingCell.xib in Resources */,
			);
			runOnlyForDeploymentPostprocessing = 0;
		};
		AAFEDCA72A15805500BE8E70 /* Resources */ = {
			isa = PBXResourcesBuildPhase;
			buildActionMask = 2147483647;
			files = (
			);
			runOnlyForDeploymentPostprocessing = 0;
		};
		AAFEDCB12A15805500BE8E70 /* Resources */ = {
			isa = PBXResourcesBuildPhase;
			buildActionMask = 2147483647;
			files = (
			);
			runOnlyForDeploymentPostprocessing = 0;
		};
/* End PBXResourcesBuildPhase section */

/* Begin PBXSourcesBuildPhase section */
		AAFEDC8C2A15805300BE8E70 /* Sources */ = {
			isa = PBXSourcesBuildPhase;
			buildActionMask = 2147483647;
			files = (
				AA782BDD2A16EC7400ACFCC5 /* String+Ext.swift in Sources */,
				AA8668372A384279002E0781 /* Videos.swift in Sources */,
				AAFEDC9E2A15805300BE8E70 /* QueenBeeRV.xcdatamodeld in Sources */,
				AA7C6B322A4102AC003F4707 /* VideoTableSectionHeader.swift in Sources */,
				AA7C6B342A41034A003F4707 /* LatestVideos.swift in Sources */,
				AAFEDCCE2A15A5B800BE8E70 /* BlogListVC.swift in Sources */,
				AAFEDCD32A15B3FC00BE8E70 /* Blogs.swift in Sources */,
				AAD616BD2A1C4494008EC100 /* BlogPostVC.swift in Sources */,
				AA9D82372A1ED4D700DF1E5C /* VideoVC.swift in Sources */,
				AAFEDCD52A15B41300BE8E70 /* Post.swift in Sources */,
				AAFEDCCB2A15950B00BE8E70 /* UIView+Ext.swift in Sources */,
				AA7C9D5F2A314663004FF1EF /* PlaylistVC.swift in Sources */,
				AAFEDC942A15805300BE8E70 /* AppDelegate.swift in Sources */,
				AA79400A2A3BCBF10027C90B /* VideoCell.swift in Sources */,
				AAFEDC962A15805300BE8E70 /* SceneDelegate.swift in Sources */,
				AAFEDCD02A15A8BA00BE8E70 /* PostCell.swift in Sources */,
				AA7C9D652A316268004FF1EF /* Video.swift in Sources */,
				AA7C9D612A31623A004FF1EF /* Playlists.swift in Sources */,
				AA7B7F932A4274B60024A755 /* LoadingCell.swift in Sources */,
				AA7C9D632A316256004FF1EF /* Playlist.swift in Sources */,
				AA7C93702A340EDF00237628 /* VideoCollectionCell.swift in Sources */,
			);
			runOnlyForDeploymentPostprocessing = 0;
		};
		AAFEDCA52A15805500BE8E70 /* Sources */ = {
			isa = PBXSourcesBuildPhase;
			buildActionMask = 2147483647;
			files = (
				AAFEDCAE2A15805500BE8E70 /* QueenBeeRVTests.swift in Sources */,
			);
			runOnlyForDeploymentPostprocessing = 0;
		};
		AAFEDCAF2A15805500BE8E70 /* Sources */ = {
			isa = PBXSourcesBuildPhase;
			buildActionMask = 2147483647;
			files = (
				AAFEDCBA2A15805500BE8E70 /* QueenBeeRVUITestsLaunchTests.swift in Sources */,
				AAFEDCB82A15805500BE8E70 /* QueenBeeRVUITests.swift in Sources */,
			);
			runOnlyForDeploymentPostprocessing = 0;
		};
/* End PBXSourcesBuildPhase section */

/* Begin PBXTargetDependency section */
		AAFEDCAB2A15805500BE8E70 /* PBXTargetDependency */ = {
			isa = PBXTargetDependency;
			target = AAFEDC8F2A15805300BE8E70 /* QueenBeeRV */;
			targetProxy = AAFEDCAA2A15805500BE8E70 /* PBXContainerItemProxy */;
		};
		AAFEDCB52A15805500BE8E70 /* PBXTargetDependency */ = {
			isa = PBXTargetDependency;
			target = AAFEDC8F2A15805300BE8E70 /* QueenBeeRV */;
			targetProxy = AAFEDCB42A15805500BE8E70 /* PBXContainerItemProxy */;
		};
/* End PBXTargetDependency section */

/* Begin PBXVariantGroup section */
		AAFEDCA12A15805500BE8E70 /* LaunchScreen.storyboard */ = {
			isa = PBXVariantGroup;
			children = (
				AAFEDCA22A15805500BE8E70 /* Base */,
			);
			name = LaunchScreen.storyboard;
			sourceTree = "<group>";
		};
/* End PBXVariantGroup section */

/* Begin XCBuildConfiguration section */
		AAFEDCBB2A15805500BE8E70 /* Debug */ = {
			isa = XCBuildConfiguration;
			baseConfigurationReference = AA7C765E2A28494E007C3E46 /* Config.xcconfig */;
			buildSettings = {
				ALWAYS_SEARCH_USER_PATHS = NO;
				ASSETCATALOG_COMPILER_GLOBAL_ACCENT_COLOR_NAME = AccentColor;
				CLANG_ANALYZER_NONNULL = YES;
				CLANG_ANALYZER_NUMBER_OBJECT_CONVERSION = YES_AGGRESSIVE;
				CLANG_CXX_LANGUAGE_STANDARD = "gnu++20";
				CLANG_ENABLE_MODULES = YES;
				CLANG_ENABLE_OBJC_ARC = YES;
				CLANG_ENABLE_OBJC_WEAK = YES;
				CLANG_WARN_BLOCK_CAPTURE_AUTORELEASING = YES;
				CLANG_WARN_BOOL_CONVERSION = YES;
				CLANG_WARN_COMMA = YES;
				CLANG_WARN_CONSTANT_CONVERSION = YES;
				CLANG_WARN_DEPRECATED_OBJC_IMPLEMENTATIONS = YES;
				CLANG_WARN_DIRECT_OBJC_ISA_USAGE = YES_ERROR;
				CLANG_WARN_DOCUMENTATION_COMMENTS = YES;
				CLANG_WARN_EMPTY_BODY = YES;
				CLANG_WARN_ENUM_CONVERSION = YES;
				CLANG_WARN_INFINITE_RECURSION = YES;
				CLANG_WARN_INT_CONVERSION = YES;
				CLANG_WARN_NON_LITERAL_NULL_CONVERSION = YES;
				CLANG_WARN_OBJC_IMPLICIT_RETAIN_SELF = YES;
				CLANG_WARN_OBJC_LITERAL_CONVERSION = YES;
				CLANG_WARN_OBJC_ROOT_CLASS = YES_ERROR;
				CLANG_WARN_QUOTED_INCLUDE_IN_FRAMEWORK_HEADER = YES;
				CLANG_WARN_RANGE_LOOP_ANALYSIS = YES;
				CLANG_WARN_STRICT_PROTOTYPES = YES;
				CLANG_WARN_SUSPICIOUS_MOVE = YES;
				CLANG_WARN_UNGUARDED_AVAILABILITY = YES_AGGRESSIVE;
				CLANG_WARN_UNREACHABLE_CODE = YES;
				CLANG_WARN__DUPLICATE_METHOD_MATCH = YES;
				COPY_PHASE_STRIP = NO;
				DEBUG_INFORMATION_FORMAT = dwarf;
				ENABLE_STRICT_OBJC_MSGSEND = YES;
				ENABLE_TESTABILITY = YES;
				GCC_C_LANGUAGE_STANDARD = gnu11;
				GCC_DYNAMIC_NO_PIC = NO;
				GCC_NO_COMMON_BLOCKS = YES;
				GCC_OPTIMIZATION_LEVEL = 0;
				GCC_PREPROCESSOR_DEFINITIONS = (
					"DEBUG=1",
					"$(inherited)",
				);
				GCC_WARN_64_TO_32_BIT_CONVERSION = YES;
				GCC_WARN_ABOUT_RETURN_TYPE = YES_ERROR;
				GCC_WARN_UNDECLARED_SELECTOR = YES;
				GCC_WARN_UNINITIALIZED_AUTOS = YES_AGGRESSIVE;
				GCC_WARN_UNUSED_FUNCTION = YES;
				GCC_WARN_UNUSED_VARIABLE = YES;
				IPHONEOS_DEPLOYMENT_TARGET = 16.4;
				MTL_ENABLE_DEBUG_INFO = INCLUDE_SOURCE;
				MTL_FAST_MATH = YES;
				ONLY_ACTIVE_ARCH = YES;
				SDKROOT = iphoneos;
				SWIFT_ACTIVE_COMPILATION_CONDITIONS = DEBUG;
				SWIFT_OPTIMIZATION_LEVEL = "-Onone";
			};
			name = Debug;
		};
		AAFEDCBC2A15805500BE8E70 /* Release */ = {
			isa = XCBuildConfiguration;
			baseConfigurationReference = AA7C765E2A28494E007C3E46 /* Config.xcconfig */;
			buildSettings = {
				ALWAYS_SEARCH_USER_PATHS = NO;
				ASSETCATALOG_COMPILER_GLOBAL_ACCENT_COLOR_NAME = AccentColor;
				CLANG_ANALYZER_NONNULL = YES;
				CLANG_ANALYZER_NUMBER_OBJECT_CONVERSION = YES_AGGRESSIVE;
				CLANG_CXX_LANGUAGE_STANDARD = "gnu++20";
				CLANG_ENABLE_MODULES = YES;
				CLANG_ENABLE_OBJC_ARC = YES;
				CLANG_ENABLE_OBJC_WEAK = YES;
				CLANG_WARN_BLOCK_CAPTURE_AUTORELEASING = YES;
				CLANG_WARN_BOOL_CONVERSION = YES;
				CLANG_WARN_COMMA = YES;
				CLANG_WARN_CONSTANT_CONVERSION = YES;
				CLANG_WARN_DEPRECATED_OBJC_IMPLEMENTATIONS = YES;
				CLANG_WARN_DIRECT_OBJC_ISA_USAGE = YES_ERROR;
				CLANG_WARN_DOCUMENTATION_COMMENTS = YES;
				CLANG_WARN_EMPTY_BODY = YES;
				CLANG_WARN_ENUM_CONVERSION = YES;
				CLANG_WARN_INFINITE_RECURSION = YES;
				CLANG_WARN_INT_CONVERSION = YES;
				CLANG_WARN_NON_LITERAL_NULL_CONVERSION = YES;
				CLANG_WARN_OBJC_IMPLICIT_RETAIN_SELF = YES;
				CLANG_WARN_OBJC_LITERAL_CONVERSION = YES;
				CLANG_WARN_OBJC_ROOT_CLASS = YES_ERROR;
				CLANG_WARN_QUOTED_INCLUDE_IN_FRAMEWORK_HEADER = YES;
				CLANG_WARN_RANGE_LOOP_ANALYSIS = YES;
				CLANG_WARN_STRICT_PROTOTYPES = YES;
				CLANG_WARN_SUSPICIOUS_MOVE = YES;
				CLANG_WARN_UNGUARDED_AVAILABILITY = YES_AGGRESSIVE;
				CLANG_WARN_UNREACHABLE_CODE = YES;
				CLANG_WARN__DUPLICATE_METHOD_MATCH = YES;
				COPY_PHASE_STRIP = NO;
				DEBUG_INFORMATION_FORMAT = "dwarf-with-dsym";
				ENABLE_NS_ASSERTIONS = NO;
				ENABLE_STRICT_OBJC_MSGSEND = YES;
				GCC_C_LANGUAGE_STANDARD = gnu11;
				GCC_NO_COMMON_BLOCKS = YES;
				GCC_WARN_64_TO_32_BIT_CONVERSION = YES;
				GCC_WARN_ABOUT_RETURN_TYPE = YES_ERROR;
				GCC_WARN_UNDECLARED_SELECTOR = YES;
				GCC_WARN_UNINITIALIZED_AUTOS = YES_AGGRESSIVE;
				GCC_WARN_UNUSED_FUNCTION = YES;
				GCC_WARN_UNUSED_VARIABLE = YES;
				IPHONEOS_DEPLOYMENT_TARGET = 16.4;
				MTL_ENABLE_DEBUG_INFO = NO;
				MTL_FAST_MATH = YES;
				SDKROOT = iphoneos;
				SWIFT_COMPILATION_MODE = wholemodule;
				SWIFT_OPTIMIZATION_LEVEL = "-O";
				VALIDATE_PRODUCT = YES;
			};
			name = Release;
		};
		AAFEDCBE2A15805500BE8E70 /* Debug */ = {
			isa = XCBuildConfiguration;
			buildSettings = {
				ASSETCATALOG_COMPILER_APPICON_NAME = AppIcon;
				ASSETCATALOG_COMPILER_GLOBAL_ACCENT_COLOR_NAME = AccentColor;
				CODE_SIGN_STYLE = Automatic;
				CURRENT_PROJECT_VERSION = 4;
				DEVELOPMENT_TEAM = MXP653QBU3;
				GENERATE_INFOPLIST_FILE = YES;
				INFOPLIST_FILE = QueenBeeRV/Info.plist;
				INFOPLIST_KEY_UIApplicationSupportsIndirectInputEvents = YES;
				INFOPLIST_KEY_UILaunchStoryboardName = LaunchScreen.storyboard;
				INFOPLIST_KEY_UIRequiresFullScreen = YES;
				INFOPLIST_KEY_UISupportedInterfaceOrientations = "UIInterfaceOrientationLandscapeLeft UIInterfaceOrientationLandscapeRight UIInterfaceOrientationPortrait UIInterfaceOrientationPortraitUpsideDown";
				IPHONEOS_DEPLOYMENT_TARGET = 16.0;
				LD_RUNPATH_SEARCH_PATHS = (
					"$(inherited)",
					"@executable_path/Frameworks",
				);
				MARKETING_VERSION = 1.0;
				PRODUCT_BUNDLE_IDENTIFIER = com.stevethedeveloper.QueenBeeRV;
				PRODUCT_NAME = "$(TARGET_NAME)";
				SWIFT_EMIT_LOC_STRINGS = YES;
				SWIFT_VERSION = 5.0;
				TARGETED_DEVICE_FAMILY = "1,2";
			};
			name = Debug;
		};
		AAFEDCBF2A15805500BE8E70 /* Release */ = {
			isa = XCBuildConfiguration;
			buildSettings = {
				ASSETCATALOG_COMPILER_APPICON_NAME = AppIcon;
				ASSETCATALOG_COMPILER_GLOBAL_ACCENT_COLOR_NAME = AccentColor;
				CODE_SIGN_STYLE = Automatic;
				CURRENT_PROJECT_VERSION = 4;
				DEVELOPMENT_TEAM = MXP653QBU3;
				GENERATE_INFOPLIST_FILE = YES;
				INFOPLIST_FILE = QueenBeeRV/Info.plist;
				INFOPLIST_KEY_UIApplicationSupportsIndirectInputEvents = YES;
				INFOPLIST_KEY_UILaunchStoryboardName = LaunchScreen.storyboard;
				INFOPLIST_KEY_UIRequiresFullScreen = YES;
				INFOPLIST_KEY_UISupportedInterfaceOrientations = "UIInterfaceOrientationLandscapeLeft UIInterfaceOrientationLandscapeRight UIInterfaceOrientationPortrait UIInterfaceOrientationPortraitUpsideDown";
				IPHONEOS_DEPLOYMENT_TARGET = 16.0;
				LD_RUNPATH_SEARCH_PATHS = (
					"$(inherited)",
					"@executable_path/Frameworks",
				);
				MARKETING_VERSION = 1.0;
				PRODUCT_BUNDLE_IDENTIFIER = com.stevethedeveloper.QueenBeeRV;
				PRODUCT_NAME = "$(TARGET_NAME)";
				SWIFT_EMIT_LOC_STRINGS = YES;
				SWIFT_VERSION = 5.0;
				TARGETED_DEVICE_FAMILY = "1,2";
			};
			name = Release;
		};
		AAFEDCC12A15805500BE8E70 /* Debug */ = {
			isa = XCBuildConfiguration;
			buildSettings = {
				ALWAYS_EMBED_SWIFT_STANDARD_LIBRARIES = YES;
				BUNDLE_LOADER = "$(TEST_HOST)";
				CODE_SIGN_STYLE = Automatic;
				CURRENT_PROJECT_VERSION = 1;
				DEVELOPMENT_TEAM = MXP653QBU3;
				GENERATE_INFOPLIST_FILE = YES;
				IPHONEOS_DEPLOYMENT_TARGET = 16.4;
				MARKETING_VERSION = 1.0;
				PRODUCT_BUNDLE_IDENTIFIER = con.stevethedeveloper.QueenBeeRVTests;
				PRODUCT_NAME = "$(TARGET_NAME)";
				SWIFT_EMIT_LOC_STRINGS = NO;
				SWIFT_VERSION = 5.0;
				TARGETED_DEVICE_FAMILY = "1,2";
				TEST_HOST = "$(BUILT_PRODUCTS_DIR)/QueenBeeRV.app/$(BUNDLE_EXECUTABLE_FOLDER_PATH)/QueenBeeRV";
			};
			name = Debug;
		};
		AAFEDCC22A15805500BE8E70 /* Release */ = {
			isa = XCBuildConfiguration;
			buildSettings = {
				ALWAYS_EMBED_SWIFT_STANDARD_LIBRARIES = YES;
				BUNDLE_LOADER = "$(TEST_HOST)";
				CODE_SIGN_STYLE = Automatic;
				CURRENT_PROJECT_VERSION = 1;
				DEVELOPMENT_TEAM = MXP653QBU3;
				GENERATE_INFOPLIST_FILE = YES;
				IPHONEOS_DEPLOYMENT_TARGET = 16.4;
				MARKETING_VERSION = 1.0;
				PRODUCT_BUNDLE_IDENTIFIER = con.stevethedeveloper.QueenBeeRVTests;
				PRODUCT_NAME = "$(TARGET_NAME)";
				SWIFT_EMIT_LOC_STRINGS = NO;
				SWIFT_VERSION = 5.0;
				TARGETED_DEVICE_FAMILY = "1,2";
				TEST_HOST = "$(BUILT_PRODUCTS_DIR)/QueenBeeRV.app/$(BUNDLE_EXECUTABLE_FOLDER_PATH)/QueenBeeRV";
			};
			name = Release;
		};
		AAFEDCC42A15805500BE8E70 /* Debug */ = {
			isa = XCBuildConfiguration;
			buildSettings = {
				ALWAYS_EMBED_SWIFT_STANDARD_LIBRARIES = YES;
				CODE_SIGN_STYLE = Automatic;
				CURRENT_PROJECT_VERSION = 1;
				DEVELOPMENT_TEAM = MXP653QBU3;
				GENERATE_INFOPLIST_FILE = YES;
				MARKETING_VERSION = 1.0;
				PRODUCT_BUNDLE_IDENTIFIER = con.stevethedeveloper.QueenBeeRVUITests;
				PRODUCT_NAME = "$(TARGET_NAME)";
				SWIFT_EMIT_LOC_STRINGS = NO;
				SWIFT_VERSION = 5.0;
				TARGETED_DEVICE_FAMILY = "1,2";
				TEST_TARGET_NAME = QueenBeeRV;
			};
			name = Debug;
		};
		AAFEDCC52A15805500BE8E70 /* Release */ = {
			isa = XCBuildConfiguration;
			buildSettings = {
				ALWAYS_EMBED_SWIFT_STANDARD_LIBRARIES = YES;
				CODE_SIGN_STYLE = Automatic;
				CURRENT_PROJECT_VERSION = 1;
				DEVELOPMENT_TEAM = MXP653QBU3;
				GENERATE_INFOPLIST_FILE = YES;
				MARKETING_VERSION = 1.0;
				PRODUCT_BUNDLE_IDENTIFIER = con.stevethedeveloper.QueenBeeRVUITests;
				PRODUCT_NAME = "$(TARGET_NAME)";
				SWIFT_EMIT_LOC_STRINGS = NO;
				SWIFT_VERSION = 5.0;
				TARGETED_DEVICE_FAMILY = "1,2";
				TEST_TARGET_NAME = QueenBeeRV;
			};
			name = Release;
		};
/* End XCBuildConfiguration section */

/* Begin XCConfigurationList section */
		AAFEDC8B2A15805300BE8E70 /* Build configuration list for PBXProject "QueenBeeRV" */ = {
			isa = XCConfigurationList;
			buildConfigurations = (
				AAFEDCBB2A15805500BE8E70 /* Debug */,
				AAFEDCBC2A15805500BE8E70 /* Release */,
			);
			defaultConfigurationIsVisible = 0;
			defaultConfigurationName = Release;
		};
		AAFEDCBD2A15805500BE8E70 /* Build configuration list for PBXNativeTarget "QueenBeeRV" */ = {
			isa = XCConfigurationList;
			buildConfigurations = (
				AAFEDCBE2A15805500BE8E70 /* Debug */,
				AAFEDCBF2A15805500BE8E70 /* Release */,
			);
			defaultConfigurationIsVisible = 0;
			defaultConfigurationName = Release;
		};
		AAFEDCC02A15805500BE8E70 /* Build configuration list for PBXNativeTarget "QueenBeeRVTests" */ = {
			isa = XCConfigurationList;
			buildConfigurations = (
				AAFEDCC12A15805500BE8E70 /* Debug */,
				AAFEDCC22A15805500BE8E70 /* Release */,
			);
			defaultConfigurationIsVisible = 0;
			defaultConfigurationName = Release;
		};
		AAFEDCC32A15805500BE8E70 /* Build configuration list for PBXNativeTarget "QueenBeeRVUITests" */ = {
			isa = XCConfigurationList;
			buildConfigurations = (
				AAFEDCC42A15805500BE8E70 /* Debug */,
				AAFEDCC52A15805500BE8E70 /* Release */,
			);
			defaultConfigurationIsVisible = 0;
			defaultConfigurationName = Release;
		};
/* End XCConfigurationList section */

/* Begin XCRemoteSwiftPackageReference section */
		AA782BDE2A16FAD500ACFCC5 /* XCRemoteSwiftPackageReference "SDWebImage" */ = {
			isa = XCRemoteSwiftPackageReference;
			repositoryURL = "https://github.com/SDWebImage/SDWebImage.git";
			requirement = {
				kind = upToNextMajorVersion;
				minimumVersion = 5.0.0;
			};
		};
		AA7C077B2A45059800286486 /* XCRemoteSwiftPackageReference "lottie-ios" */ = {
			isa = XCRemoteSwiftPackageReference;
			repositoryURL = "https://github.com/airbnb/lottie-ios";
			requirement = {
				kind = upToNextMajorVersion;
				minimumVersion = 4.0.0;
			};
		};
		AA9D82332A1EBF9500DF1E5C /* XCRemoteSwiftPackageReference "youtube-ios-player-helper" */ = {
			isa = XCRemoteSwiftPackageReference;
			repositoryURL = "https://github.com/youtube/youtube-ios-player-helper";
			requirement = {
				kind = upToNextMajorVersion;
				minimumVersion = 1.0.0;
			};
		};
/* End XCRemoteSwiftPackageReference section */

/* Begin XCSwiftPackageProductDependency section */
		AA782BDF2A16FAD500ACFCC5 /* SDWebImage */ = {
			isa = XCSwiftPackageProductDependency;
			package = AA782BDE2A16FAD500ACFCC5 /* XCRemoteSwiftPackageReference "SDWebImage" */;
			productName = SDWebImage;
		};
		AA7C077C2A45059800286486 /* Lottie */ = {
			isa = XCSwiftPackageProductDependency;
			package = AA7C077B2A45059800286486 /* XCRemoteSwiftPackageReference "lottie-ios" */;
			productName = Lottie;
		};
		AA9D82342A1EBF9500DF1E5C /* YouTubeiOSPlayerHelper */ = {
			isa = XCSwiftPackageProductDependency;
			package = AA9D82332A1EBF9500DF1E5C /* XCRemoteSwiftPackageReference "youtube-ios-player-helper" */;
			productName = YouTubeiOSPlayerHelper;
		};
/* End XCSwiftPackageProductDependency section */

/* Begin XCVersionGroup section */
		AAFEDC9C2A15805300BE8E70 /* QueenBeeRV.xcdatamodeld */ = {
			isa = XCVersionGroup;
			children = (
				AAFEDC9D2A15805300BE8E70 /* QueenBeeRV.xcdatamodel */,
			);
			currentVersion = AAFEDC9D2A15805300BE8E70 /* QueenBeeRV.xcdatamodel */;
			path = QueenBeeRV.xcdatamodeld;
			sourceTree = "<group>";
			versionGroupType = wrapper.xcdatamodel;
		};
/* End XCVersionGroup section */
	};
	rootObject = AAFEDC882A15805300BE8E70 /* Project object */;
}
